
Microsoft Visual Studio Solution File, Format Version 12.00
# Visual Studio 14
VisualStudioVersion = 14.0.25420.1
MinimumVisualStudioVersion = 10.0.40219.1
Project("{FAE04EC0-301F-11D3-BF4B-00C04F79EFBC}") = "database.edge.lib", "database.edge.lib\database.edge.lib.csproj", "{839CF6F7-688A-4AAF-8F7B-DEAF1B10FFA8}"
EndProject
Project("{FAE04EC0-301F-11D3-BF4B-00C04F79EFBC}") = "database.edge.lib.tests", "database.edge.lib.tests\database.edge.lib.tests.csproj", "{C9670694-F665-4802-80A9-7BEB1ACBCA6B}"
EndProject
Global
	GlobalSection(SolutionConfigurationPlatforms) = preSolution
		Debug|Any CPU = Debug|Any CPU
		Release|Any CPU = Release|Any CPU
	EndGlobalSection
	GlobalSection(ProjectConfigurationPlatforms) = postSolution
		{839CF6F7-688A-4AAF-8F7B-DEAF1B10FFA8}.Debug|Any CPU.ActiveCfg = Debug|Any CPU
		{839CF6F7-688A-4AAF-8F7B-DEAF1B10FFA8}.Debug|Any CPU.Build.0 = Debug|Any CPU
		{839CF6F7-688A-4AAF-8F7B-DEAF1B10FFA8}.Release|Any CPU.ActiveCfg = Release|Any CPU
		{839CF6F7-688A-4AAF-8F7B-DEAF1B10FFA8}.Release|Any CPU.Build.0 = Release|Any CPU
		{C9670694-F665-4802-80A9-7BEB1ACBCA6B}.Debug|Any CPU.ActiveCfg = Debug|Any CPU
		{C9670694-F665-4802-80A9-7BEB1ACBCA6B}.Debug|Any CPU.Build.0 = Debug|Any CPU
		{C9670694-F665-4802-80A9-7BEB1ACBCA6B}.Release|Any CPU.ActiveCfg = Release|Any CPU
		{C9670694-F665-4802-80A9-7BEB1ACBCA6B}.Release|Any CPU.Build.0 = Release|Any CPU
	EndGlobalSection
	GlobalSection(SolutionProperties) = preSolution
		HideSolutionNode = FALSE
	EndGlobalSection
EndGlobal
